<Solution>
  <Folder Name="/API/">
    <Project Path="Enrollment.Spa.Api/Enrollment.Spa.Api.csproj" Id="dcffa061-14a8-4a61-86a5-9d3e1a5283fb" />
  </Folder>
  <Folder Name="/Business/">
    <Project Path="Enrollment.Domain/Enrollment.Domain.csproj" />
  </Folder>
  <Folder Name="/EF/">
    <Project Path="Enrollment.Data/Enrollment.Data.csproj" />
  </Folder>
  <Folder Name="/SPA/">
    <Project Path="Enrollment.Spa.Flow/Enrollment.Spa.Flow.csproj" />
  </Folder>
  <Folder Name="/Tests/">
    <Project Path="Enrollment.Spa.Flow.Tests/Enrollment.Spa.Flow.Tests.csproj" Id="12998e98-a8d0-4a87-b4ff-98cce8106832" />
  </Folder>
  <Folder Name="/_Solution Items/">
    <File Path="CHANGELOG.md" />
    <File Path="global.json" />
    <File Path="README.md" />
  </Folder>
  <Project Path="docker-compose.dcproj">
    <Build />
  </Project>
</Solution>
